// !$*UTF8*$!
{
	archiveVersion = 1;
	classes = {
	};
	objectVersion = 56;
	objects = {

/* Begin PBXBuildFile section */
		9E1747C34475EAE85BBACB34 /* Pods_MYKeyboardView.framework in Frameworks */ = {isa = PBXBuildFile; fileRef = F623129611D4B2A54C173332 /* Pods_MYKeyboardView.framework */; };
		EBE6FA4A2D658621001EFD25 /* AppDelegate.swift in Sources */ = {isa = PBXBuildFile; fileRef = EBE6FA492D658621001EFD25 /* AppDelegate.swift */; };
		EBE6FA4E2D658621001EFD25 /* ViewController.swift in Sources */ = {isa = PBXBuildFile; fileRef = EBE6FA4D2D658621001EFD25 /* ViewController.swift */; };
		EBE6FA512D658621001EFD25 /* Base in Resources */ = {isa = PBXBuildFile; fileRef = EBE6FA502D658621001EFD25 /* Base */; };
		EBE6FA532D658633001EFD25 /* Assets.xcassets in Resources */ = {isa = PBXBuildFile; fileRef = EBE6FA522D658633001EFD25 /* Assets.xcassets */; };
		EBE6FA562D658633001EFD25 /* Base in Resources */ = {isa = PBXBuildFile; fileRef = EBE6FA552D658633001EFD25 /* Base */; };
		EBE6FA622D65871B001EFD25 /* MYKeyboardView.xib in Resources */ = {isa = PBXBuildFile; fileRef = EBE6FA5E2D65871B001EFD25 /* MYKeyboardView.xib */; };
		EBE6FA632D65871B001EFD25 /* MYKeyboardAcceptModel.swift in Sources */ = {isa = PBXBuildFile; fileRef = EBE6FA5F2D65871B001EFD25 /* MYKeyboardAcceptModel.swift */; };
		EBE6FA642D65871B001EFD25 /* MYKeyboardKeyStyle.swift in Sources */ = {isa = PBXBuildFile; fileRef = EBE6FA602D65871B001EFD25 /* MYKeyboardKeyStyle.swift */; };
		EBE6FA652D65871B001EFD25 /* MYKeyboardView.swift in Sources */ = {isa = PBXBuildFile; fileRef = EBE6FA612D65871B001EFD25 /* MYKeyboardView.swift */; };
/* End PBXBuildFile section */

/* Begin PBXFileReference section */
		B491D7A2E760964B5B1DE142 /* Pods-MYKeyboardView.release.xcconfig */ = {isa = PBXFileReference; includeInIndex = 1; lastKnownFileType = text.xcconfig; name = "Pods-MYKeyboardView.release.xcconfig"; path = "Target Support Files/Pods-MYKeyboardView/Pods-MYKeyboardView.release.xcconfig"; sourceTree = "<group>"; };
		DACB77092CCE6FBC0453B5D0 /* Pods-MYKeyboardView.debug.xcconfig */ = {isa = PBXFileReference; includeInIndex = 1; lastKnownFileType = text.xcconfig; name = "Pods-MYKeyboardView.debug.xcconfig"; path = "Target Support Files/Pods-MYKeyboardView/Pods-MYKeyboardView.debug.xcconfig"; sourceTree = "<group>"; };
		EBE6FA462D658621001EFD25 /* MYKeyboardView.app */ = {isa = PBXFileReference; explicitFileType = wrapper.application; includeInIndex = 0; path = MYKeyboardView.app; sourceTree = BUILT_PRODUCTS_DIR; };
		EBE6FA492D658621001EFD25 /* AppDelegate.swift */ = {isa = PBXFileReference; lastKnownFileType = sourcecode.swift; path = AppDelegate.swift; sourceTree = "<group>"; };
		EBE6FA4D2D658621001EFD25 /* ViewController.swift */ = {isa = PBXFileReference; lastKnownFileType = sourcecode.swift; path = ViewController.swift; sourceTree = "<group>"; };
		EBE6FA502D658621001EFD25 /* Base */ = {isa = PBXFileReference; lastKnownFileType = file.storyboard; name = Base; path = Base.lproj/Main.storyboard; sourceTree = "<group>"; };
		EBE6FA522D658633001EFD25 /* Assets.xcassets */ = {isa = PBXFileReference; lastKnownFileType = folder.assetcatalog; path = Assets.xcassets; sourceTree = "<group>"; };
		EBE6FA552D658633001EFD25 /* Base */ = {isa = PBXFileReference; lastKnownFileType = file.storyboard; name = Base; path = Base.lproj/LaunchScreen.storyboard; sourceTree = "<group>"; };
		EBE6FA572D658633001EFD25 /* Info.plist */ = {isa = PBXFileReference; lastKnownFileType = text.plist.xml; path = Info.plist; sourceTree = "<group>"; };
		EBE6FA5E2D65871B001EFD25 /* MYKeyboardView.xib */ = {isa = PBXFileReference; fileEncoding = 4; lastKnownFileType = file.xib; path = MYKeyboardView.xib; sourceTree = "<group>"; };
		EBE6FA5F2D65871B001EFD25 /* MYKeyboardAcceptModel.swift */ = {isa = PBXFileReference; fileEncoding = 4; lastKnownFileType = sourcecode.swift; path = MYKeyboardAcceptModel.swift; sourceTree = "<group>"; };
		EBE6FA602D65871B001EFD25 /* MYKeyboardKeyStyle.swift */ = {isa = PBXFileReference; fileEncoding = 4; lastKnownFileType = sourcecode.swift; path = MYKeyboardKeyStyle.swift; sourceTree = "<group>"; };
		EBE6FA612D65871B001EFD25 /* MYKeyboardView.swift */ = {isa = PBXFileReference; fileEncoding = 4; lastKnownFileType = sourcecode.swift; path = MYKeyboardView.swift; sourceTree = "<group>"; };
		F623129611D4B2A54C173332 /* Pods_MYKeyboardView.framework */ = {isa = PBXFileReference; explicitFileType = wrapper.framework; includeInIndex = 0; path = Pods_MYKeyboardView.framework; sourceTree = BUILT_PRODUCTS_DIR; };
/* End PBXFileReference section */

/* Begin PBXFrameworksBuildPhase section */
		EBE6FA432D658621001EFD25 /* Frameworks */ = {
			isa = PBXFrameworksBuildPhase;
			buildActionMask = 2147483647;
			files = (
				9E1747C34475EAE85BBACB34 /* Pods_MYKeyboardView.framework in Frameworks */,
			);
			runOnlyForDeploymentPostprocessing = 0;
		};
/* End PBXFrameworksBuildPhase section */

/* Begin PBXGroup section */
		7845316431042637495CD585 /* Pods */ = {
			isa = PBXGroup;
			children = (
				DACB77092CCE6FBC0453B5D0 /* Pods-MYKeyboardView.debug.xcconfig */,
				B491D7A2E760964B5B1DE142 /* Pods-MYKeyboardView.release.xcconfig */,
			);
			path = Pods;
			sourceTree = "<group>";
		};
		D69C35425FEF4255F052FF64 /* Frameworks */ = {
			isa = PBXGroup;
			children = (
				F623129611D4B2A54C173332 /* Pods_MYKeyboardView.framework */,
			);
			name = Frameworks;
			sourceTree = "<group>";
		};
		EBE6FA3D2D658620001EFD25 = {
			isa = PBXGroup;
			children = (
				EBE6FA482D658621001EFD25 /* MYKeyboardView */,
				EBE6FA472D658621001EFD25 /* Products */,
				7845316431042637495CD585 /* Pods */,
				D69C35425FEF4255F052FF64 /* Frameworks */,
			);
			sourceTree = "<group>";
		};
		EBE6FA472D658621001EFD25 /* Products */ = {
			isa = PBXGroup;
			children = (
				EBE6FA462D658621001EFD25 /* MYKeyboardView.app */,
			);
			name = Products;
			sourceTree = "<group>";
		};
		EBE6FA482D658621001EFD25 /* MYKeyboardView */ = {
			isa = PBXGroup;
			children = (
				EBE6FA5D2D6586FF001EFD25 /* Keyboard */,
				EBE6FA492D658621001EFD25 /* AppDelegate.swift */,
				EBE6FA4D2D658621001EFD25 /* ViewController.swift */,
				EBE6FA4F2D658621001EFD25 /* Main.storyboard */,
				EBE6FA522D658633001EFD25 /* Assets.xcassets */,
				EBE6FA542D658633001EFD25 /* LaunchScreen.storyboard */,
				EBE6FA572D658633001EFD25 /* Info.plist */,
			);
			path = MYKeyboardView;
			sourceTree = "<group>";
		};
		EBE6FA5D2D6586FF001EFD25 /* Keyboard */ = {
			isa = PBXGroup;
			children = (
				EBE6FA5F2D65871B001EFD25 /* MYKeyboardAcceptModel.swift */,
				EBE6FA602D65871B001EFD25 /* MYKeyboardKeyStyle.swift */,
				EBE6FA612D65871B001EFD25 /* MYKeyboardView.swift */,
				EBE6FA5E2D65871B001EFD25 /* MYKeyboardView.xib */,
			);
			path = Keyboard;
			sourceTree = "<group>";
		};
/* End PBXGroup section */

/* Begin PBXNativeTarget section */
		EBE6FA452D658621001EFD25 /* MYKeyboardView */ = {
			isa = PBXNativeTarget;
			buildConfigurationList = EBE6FA5A2D658633001EFD25 /* Build configuration list for PBXNativeTarget "MYKeyboardView" */;
			buildPhases = (
				A7A72334186CED65D4946D53 /* [CP] Check Pods Manifest.lock */,
				EBE6FA422D658621001EFD25 /* Sources */,
				EBE6FA432D658621001EFD25 /* Frameworks */,
				EBE6FA442D658621001EFD25 /* Resources */,
				39D945C61890EB9D66640F85 /* [CP] Embed Pods Frameworks */,
			);
			buildRules = (
			);
			dependencies = (
			);
			name = MYKeyboardView;
			productName = MYKeyboardView;
			productReference = EBE6FA462D658621001EFD25 /* MYKeyboardView.app */;
			productType = "com.apple.product-type.application";
		};
/* End PBXNativeTarget section */

/* Begin PBXProject section */
		EBE6FA3E2D658620001EFD25 /* Project object */ = {
			isa = PBXProject;
			attributes = {
				BuildIndependentTargetsInParallel = 1;
				LastSwiftUpdateCheck = 1540;
				LastUpgradeCheck = 1540;
				TargetAttributes = {
					EBE6FA452D658621001EFD25 = {
						CreatedOnToolsVersion = 15.4;
					};
				};
			};
			buildConfigurationList = EBE6FA412D658620001EFD25 /* Build configuration list for PBXProject "MYKeyboardView" */;
			compatibilityVersion = "Xcode 14.0";
			developmentRegion = en;
			hasScannedForEncodings = 0;
			knownRegions = (
				en,
				Base,
			);
			mainGroup = EBE6FA3D2D658620001EFD25;
			productRefGroup = EBE6FA472D658621001EFD25 /* Products */;
			projectDirPath = "";
			projectRoot = "";
			targets = (
				EBE6FA452D658621001EFD25 /* MYKeyboardView */,
			);
		};
/* End PBXProject section */

/* Begin PBXResourcesBuildPhase section */
		EBE6FA442D658621001EFD25 /* Resources */ = {
			isa = PBXResourcesBuildPhase;
			buildActionMask = 2147483647;
			files = (
				EBE6FA532D658633001EFD25 /* Assets.xcassets in Resources */,
				EBE6FA562D658633001EFD25 /* Base in Resources */,
				EBE6FA512D658621001EFD25 /* Base in Resources */,
				EBE6FA622D65871B001EFD25 /* MYKeyboardView.xib in Resources */,
			);
			runOnlyForDeploymentPostprocessing = 0;
		};
/* End PBXResourcesBuildPhase section */

/* Begin PBXShellScriptBuildPhase section */
		39D945C61890EB9D66640F85 /* [CP] Embed Pods Frameworks */ = {
			isa = PBXShellScriptBuildPhase;
			buildActionMask = 2147483647;
			files = (
			);
			inputFileListPaths = (
				"${PODS_ROOT}/Target Support Files/Pods-MYKeyboardView/Pods-MYKeyboardView-frameworks-${CONFIGURATION}-input-files.xcfilelist",
			);
			name = "[CP] Embed Pods Frameworks";
			outputFileListPaths = (
				"${PODS_ROOT}/Target Support Files/Pods-MYKeyboardView/Pods-MYKeyboardView-frameworks-${CONFIGURATION}-output-files.xcfilelist",
			);
			runOnlyForDeploymentPostprocessing = 0;
			shellPath = /bin/sh;
			shellScript = "\"${PODS_ROOT}/Target Support Files/Pods-MYKeyboardView/Pods-MYKeyboardView-frameworks.sh\"\n";
			showEnvVarsInLog = 0;
		};
		A7A72334186CED65D4946D53 /* [CP] Check Pods Manifest.lock */ = {
			isa = PBXShellScriptBuildPhase;
			buildActionMask = 2147483647;
			files = (
			);
			inputFileListPaths = (
			);
			inputPaths = (
				"${PODS_PODFILE_DIR_PATH}/Podfile.lock",
				"${PODS_ROOT}/Manifest.lock",
			);
			name = "[CP] Check Pods Manifest.lock";
			outputFileListPaths = (
			);
			outputPaths = (
				"$(DERIVED_FILE_DIR)/Pods-MYKeyboardView-checkManifestLockResult.txt",
			);
			runOnlyForDeploymentPostprocessing = 0;
			shellPath = /bin/sh;
			shellScript = "diff \"${PODS_PODFILE_DIR_PATH}/Podfile.lock\" \"${PODS_ROOT}/Manifest.lock\" > /dev/null\nif [ $? != 0 ] ; then\n    # print error to STDERR\n    echo \"error: The sandbox is not in sync with the Podfile.lock. Run 'pod install' or update your CocoaPods installation.\" >&2\n    exit 1\nfi\n# This output is used by Xcode 'outputs' to avoid re-running this script phase.\necho \"SUCCESS\" > \"${SCRIPT_OUTPUT_FILE_0}\"\n";
			showEnvVarsInLog = 0;
		};
/* End PBXShellScriptBuildPhase section */

/* Begin PBXSourcesBuildPhase section */
		EBE6FA422D658621001EFD25 /* Sources */ = {
			isa = PBXSourcesBuildPhase;
			buildActionMask = 2147483647;
			files = (
				EBE6FA4E2D658621001EFD25 /* ViewController.swift in Sources */,
				EBE6FA652D65871B001EFD25 /* MYKeyboardView.swift in Sources */,
				EBE6FA4A2D658621001EFD25 /* AppDelegate.swift in Sources */,
				EBE6FA642D65871B001EFD25 /* MYKeyboardKeyStyle.swift in Sources */,
				EBE6FA632D65871B001EFD25 /* MYKeyboardAcceptModel.swift in Sources */,
			);
			runOnlyForDeploymentPostprocessing = 0;
		};
/* End PBXSourcesBuildPhase section */

/* Begin PBXVariantGroup section */
		EBE6FA4F2D658621001EFD25 /* Main.storyboard */ = {
			isa = PBXVariantGroup;
			children = (
				EBE6FA502D658621001EFD25 /* Base */,
			);
			name = Main.storyboard;
			sourceTree = "<group>";
		};
		EBE6FA542D658633001EFD25 /* LaunchScreen.storyboard */ = {
			isa = PBXVariantGroup;
			children = (
				EBE6FA552D658633001EFD25 /* Base */,
			);
			name = LaunchScreen.storyboard;
			sourceTree = "<group>";
		};
/* End PBXVariantGroup section */

/* Begin XCBuildConfiguration section */
		EBE6FA582D658633001EFD25 /* Debug */ = {
			isa = XCBuildConfiguration;
			buildSettings = {
				ALWAYS_SEARCH_USER_PATHS = NO;
				ASSETCATALOG_COMPILER_GENERATE_SWIFT_ASSET_SYMBOL_EXTENSIONS = YES;
				CLANG_ANALYZER_NONNULL = YES;
				CLANG_ANALYZER_NUMBER_OBJECT_CONVERSION = YES_AGGRESSIVE;
				CLANG_CXX_LANGUAGE_STANDARD = "gnu++20";
				CLANG_ENABLE_MODULES = YES;
				CLANG_ENABLE_OBJC_ARC = YES;
				CLANG_ENABLE_OBJC_WEAK = YES;
				CLANG_WARN_BLOCK_CAPTURE_AUTORELEASING = YES;
				CLANG_WARN_BOOL_CONVERSION = YES;
				CLANG_WARN_COMMA = YES;
				CLANG_WARN_CONSTANT_CONVERSION = YES;
				CLANG_WARN_DEPRECATED_OBJC_IMPLEMENTATIONS = YES;
				CLANG_WARN_DIRECT_OBJC_ISA_USAGE = YES_ERROR;
				CLANG_WARN_DOCUMENTATION_COMMENTS = YES;
				CLANG_WARN_EMPTY_BODY = YES;
				CLANG_WARN_ENUM_CONVERSION = YES;
				CLANG_WARN_INFINITE_RECURSION = YES;
				CLANG_WARN_INT_CONVERSION = YES;
				CLANG_WARN_NON_LITERAL_NULL_CONVERSION = YES;
				CLANG_WARN_OBJC_IMPLICIT_RETAIN_SELF = YES;
				CLANG_WARN_OBJC_LITERAL_CONVERSION = YES;
				CLANG_WARN_OBJC_ROOT_CLASS = YES_ERROR;
				CLANG_WARN_QUOTED_INCLUDE_IN_FRAMEWORK_HEADER = YES;
				CLANG_WARN_RANGE_LOOP_ANALYSIS = YES;
				CLANG_WARN_STRICT_PROTOTYPES = YES;
				CLANG_WARN_SUSPICIOUS_MOVE = YES;
				CLANG_WARN_UNGUARDED_AVAILABILITY = YES_AGGRESSIVE;
				CLANG_WARN_UNREACHABLE_CODE = YES;
				CLANG_WARN__DUPLICATE_METHOD_MATCH = YES;
				COPY_PHASE_STRIP = NO;
				DEBUG_INFORMATION_FORMAT = dwarf;
				ENABLE_STRICT_OBJC_MSGSEND = YES;
				ENABLE_TESTABILITY = YES;
				ENABLE_USER_SCRIPT_SANDBOXING = YES;
				GCC_C_LANGUAGE_STANDARD = gnu17;
				GCC_DYNAMIC_NO_PIC = NO;
				GCC_NO_COMMON_BLOCKS = YES;
				GCC_OPTIMIZATION_LEVEL = 0;
				GCC_PREPROCESSOR_DEFINITIONS = (
					"DEBUG=1",
					"$(inherited)",
				);
				GCC_WARN_64_TO_32_BIT_CONVERSION = YES;
				GCC_WARN_ABOUT_RETURN_TYPE = YES_ERROR;
				GCC_WARN_UNDECLARED_SELECTOR = YES;
				GCC_WARN_UNINITIALIZED_AUTOS = YES_AGGRESSIVE;
				GCC_WARN_UNUSED_FUNCTION = YES;
				GCC_WARN_UNUSED_VARIABLE = YES;
				IPHONEOS_DEPLOYMENT_TARGET = 13.0;
				LOCALIZATION_PREFERS_STRING_CATALOGS = YES;
				MTL_ENABLE_DEBUG_INFO = INCLUDE_SOURCE;
				MTL_FAST_MATH = YES;
				ONLY_ACTIVE_ARCH = YES;
				SDKROOT = iphoneos;
				SWIFT_ACTIVE_COMPILATION_CONDITIONS = "DEBUG $(inherited)";
				SWIFT_OPTIMIZATION_LEVEL = "-Onone";
			};
			name = Debug;
		};
		EBE6FA592D658633001EFD25 /* Release */ = {
			isa = XCBuildConfiguration;
			buildSettings = {
				ALWAYS_SEARCH_USER_PATHS = NO;
				ASSETCATALOG_COMPILER_GENERATE_SWIFT_ASSET_SYMBOL_EXTENSIONS = YES;
				CLANG_ANALYZER_NONNULL = YES;
				CLANG_ANALYZER_NUMBER_OBJECT_CONVERSION = YES_AGGRESSIVE;
				CLANG_CXX_LANGUAGE_STANDARD = "gnu++20";
				CLANG_ENABLE_MODULES = YES;
				CLANG_ENABLE_OBJC_ARC = YES;
				CLANG_ENABLE_OBJC_WEAK = YES;
				CLANG_WARN_BLOCK_CAPTURE_AUTORELEASING = YES;
				CLANG_WARN_BOOL_CONVERSION = YES;
				CLANG_WARN_COMMA = YES;
				CLANG_WARN_CONSTANT_CONVERSION = YES;
				CLANG_WARN_DEPRECATED_OBJC_IMPLEMENTATIONS = YES;
				CLANG_WARN_DIRECT_OBJC_ISA_USAGE = YES_ERROR;
				CLANG_WARN_DOCUMENTATION_COMMENTS = YES;
				CLANG_WARN_EMPTY_BODY = YES;
				CLANG_WARN_ENUM_CONVERSION = YES;
				CLANG_WARN_INFINITE_RECURSION = YES;
				CLANG_WARN_INT_CONVERSION = YES;
				CLANG_WARN_NON_LITERAL_NULL_CONVERSION = YES;
				CLANG_WARN_OBJC_IMPLICIT_RETAIN_SELF = YES;
				CLANG_WARN_OBJC_LITERAL_CONVERSION = YES;
				CLANG_WARN_OBJC_ROOT_CLASS = YES_ERROR;
				CLANG_WARN_QUOTED_INCLUDE_IN_FRAMEWORK_HEADER = YES;
				CLANG_WARN_RANGE_LOOP_ANALYSIS = YES;
				CLANG_WARN_STRICT_PROTOTYPES = YES;
				CLANG_WARN_SUSPICIOUS_MOVE = YES;
				CLANG_WARN_UNGUARDED_AVAILABILITY = YES_AGGRESSIVE;
				CLANG_WARN_UNREACHABLE_CODE = YES;
				CLANG_WARN__DUPLICATE_METHOD_MATCH = YES;
				COPY_PHASE_STRIP = NO;
				DEBUG_INFORMATION_FORMAT = "dwarf-with-dsym";
				ENABLE_NS_ASSERTIONS = NO;
				ENABLE_STRICT_OBJC_MSGSEND = YES;
				ENABLE_USER_SCRIPT_SANDBOXING = YES;
				GCC_C_LANGUAGE_STANDARD = gnu17;
				GCC_NO_COMMON_BLOCKS = YES;
				GCC_WARN_64_TO_32_BIT_CONVERSION = YES;
				GCC_WARN_ABOUT_RETURN_TYPE = YES_ERROR;
				GCC_WARN_UNDECLARED_SELECTOR = YES;
				GCC_WARN_UNINITIALIZED_AUTOS = YES_AGGRESSIVE;
				GCC_WARN_UNUSED_FUNCTION = YES;
				GCC_WARN_UNUSED_VARIABLE = YES;
				IPHONEOS_DEPLOYMENT_TARGET = 13.0;
				LOCALIZATION_PREFERS_STRING_CATALOGS = YES;
				MTL_ENABLE_DEBUG_INFO = NO;
				MTL_FAST_MATH = YES;
				SDKROOT = iphoneos;
				SWIFT_COMPILATION_MODE = wholemodule;
				VALIDATE_PRODUCT = YES;
			};
			name = Release;
		};
		EBE6FA5B2D658633001EFD25 /* Debug */ = {
			isa = XCBuildConfiguration;
			baseConfigurationReference = DACB77092CCE6FBC0453B5D0 /* Pods-MYKeyboardView.debug.xcconfig */;
			buildSettings = {
				ASSETCATALOG_COMPILER_APPICON_NAME = AppIcon;
				ASSETCATALOG_COMPILER_GLOBAL_ACCENT_COLOR_NAME = AccentColor;
				CODE_SIGN_STYLE = Automatic;
				CURRENT_PROJECT_VERSION = 1;
				DEVELOPMENT_TEAM = Z853VKPG4P;
				ENABLE_USER_SCRIPT_SANDBOXING = NO;
				GENERATE_INFOPLIST_FILE = YES;
				INFOPLIST_FILE = MYKeyboardView/Info.plist;
				INFOPLIST_KEY_UIApplicationSupportsIndirectInputEvents = YES;
				INFOPLIST_KEY_UILaunchStoryboardName = LaunchScreen;
				INFOPLIST_KEY_UISupportedInterfaceOrientations = UIInterfaceOrientationPortrait;
				LD_RUNPATH_SEARCH_PATHS = (
					"$(inherited)",
					"@executable_path/Frameworks",
				);
				MARKETING_VERSION = 1.0;
				PRODUCT_BUNDLE_IDENTIFIER = com.HowardExplore.MYKeyboardView;
				PRODUCT_NAME = "$(TARGET_NAME)";
				SUPPORTED_PLATFORMS = "iphoneos iphonesimulator";
				SUPPORTS_MACCATALYST = NO;
				SWIFT_EMIT_LOC_STRINGS = YES;
				SWIFT_VERSION = 5.0;
				TARGETED_DEVICE_FAMILY = "1,2";
			};
			name = Debug;
		};
		EBE6FA5C2D658633001EFD25 /* Release */ = {
			isa = XCBuildConfiguration;
			baseConfigurationReference = B491D7A2E760964B5B1DE142 /* Pods-MYKeyboardView.release.xcconfig */;
			buildSettings = {
				ASSETCATALOG_COMPILER_APPICON_NAME = AppIcon;
				ASSETCATALOG_COMPILER_GLOBAL_ACCENT_COLOR_NAME = AccentColor;
				CODE_SIGN_STYLE = Automatic;
				CURRENT_PROJECT_VERSION = 1;
				DEVELOPMENT_TEAM = Z853VKPG4P;
				ENABLE_USER_SCRIPT_SANDBOXING = NO;
				GENERATE_INFOPLIST_FILE = YES;
				INFOPLIST_FILE = MYKeyboardView/Info.plist;
				INFOPLIST_KEY_UIApplicationSupportsIndirectInputEvents = YES;
				INFOPLIST_KEY_UILaunchStoryboardName = LaunchScreen;
				INFOPLIST_KEY_UISupportedInterfaceOrientations = UIInterfaceOrientationPortrait;
				LD_RUNPATH_SEARCH_PATHS = (
					"$(inherited)",
					"@executable_path/Frameworks",
				);
				MARKETING_VERSION = 1.0;
				PRODUCT_BUNDLE_IDENTIFIER = com.HowardExplore.MYKeyboardView;
				PRODUCT_NAME = "$(TARGET_NAME)";
				SUPPORTED_PLATFORMS = "iphoneos iphonesimulator";
				SUPPORTS_MACCATALYST = NO;
				SWIFT_EMIT_LOC_STRINGS = YES;
				SWIFT_VERSION = 5.0;
				TARGETED_DEVICE_FAMILY = "1,2";
			};
			name = Release;
		};
/* End XCBuildConfiguration section */

/* Begin XCConfigurationList section */
		EBE6FA412D658620001EFD25 /* Build configuration list for PBXProject "MYKeyboardView" */ = {
			isa = XCConfigurationList;
			buildConfigurations = (
				EBE6FA582D658633001EFD25 /* Debug */,
				EBE6FA592D658633001EFD25 /* Release */,
			);
			defaultConfigurationIsVisible = 0;
			defaultConfigurationName = Release;
		};
		EBE6FA5A2D658633001EFD25 /* Build configuration list for PBXNativeTarget "MYKeyboardView" */ = {
			isa = XCConfigurationList;
			buildConfigurations = (
				EBE6FA5B2D658633001EFD25 /* Debug */,
				EBE6FA5C2D658633001EFD25 /* Release */,
			);
			defaultConfigurationIsVisible = 0;
			defaultConfigurationName = Release;
		};
/* End XCConfigurationList section */
	};
	rootObject = EBE6FA3E2D658620001EFD25 /* Project object */;
}
